
Microsoft Visual Studio Solution File, Format Version 12.00
# Visual Studio 15
VisualStudioVersion = 15.0.27004.2002
MinimumVisualStudioVersion = 10.0.40219.1
Project("{FAE04EC0-301F-11D3-BF4B-00C04F79EFBC}") = "HomeWork20", "HomeWork20\HomeWork20.csproj", "{EFD5D432-D8CB-4DCA-BAF5-04D0641AF337}"
EndProject
Global
	GlobalSection(SolutionConfigurationPlatforms) = preSolution
		Debug|Any CPU = Debug|Any CPU
		Release|Any CPU = Release|Any CPU
	EndGlobalSection
	GlobalSection(ProjectConfigurationPlatforms) = postSolution
		{EFD5D432-D8CB-4DCA-BAF5-04D0641AF337}.Debug|Any CPU.ActiveCfg = Debug|Any CPU
		{EFD5D432-D8CB-4DCA-BAF5-04D0641AF337}.Debug|Any CPU.Build.0 = Debug|Any CPU
		{EFD5D432-D8CB-4DCA-BAF5-04D0641AF337}.Release|Any CPU.ActiveCfg = Release|Any CPU
		{EFD5D432-D8CB-4DCA-BAF5-04D0641AF337}.Release|Any CPU.Build.0 = Release|Any CPU
	EndGlobalSection
	GlobalSection(SolutionProperties) = preSolution
		HideSolutionNode = FALSE
	EndGlobalSection
	GlobalSection(ExtensibilityGlobals) = postSolution
		SolutionGuid = {BF68058D-99CA-4D9D-9DD7-F381D1C57B39}
	EndGlobalSection
EndGlobal
